
Microsoft Visual Studio Solution File, Format Version 12.00
# Visual Studio Version 16
VisualStudioVersion = 16.0.30406.217
MinimumVisualStudioVersion = 10.0.40219.1
Project("{9A19103F-16F7-4668-BE54-9A1E7A4F7556}") = "Calc2KeyCE.Core", "Calc2KeyCE.Core\Calc2KeyCE.Core.csproj", "{5229767A-8875-40DB-A0B9-913C49DE7CF0}"
EndProject
Project("{8BC9CEB8-8B4A-11D0-8D11-00A0C91BC942}") = "Calc2KeyCE.Calc", "Calc2KeyCE.Calc\Calc2KeyCE.Calc.vcxproj", "{966BCBEA-B667-4C31-9036-C1C25DB52715}"
EndProject
Project("{9A19103F-16F7-4668-BE54-9A1E7A4F7556}") = "Calc2KeyCE.Windows", "Calc2KeyCE.Windows\Calc2KeyCE.Windows.csproj", "{757D5D66-8742-4236-8D76-5F4E64DE1D24}"
EndProject
Project("{2150E333-8FDC-42A3-9474-1A3956D46DE8}") = "Solution Items", "Solution Items", "{2D324858-5E6E-4743-9588-B76C92C3EE9C}"
	ProjectSection(SolutionItems) = preProject
		PyCalcUsb.py = PyCalcUsb.py
	EndProjectSection
EndProject
Global
	GlobalSection(SolutionConfigurationPlatforms) = preSolution
		Debug|Any CPU = Debug|Any CPU
		Debug|x64 = Debug|x64
		Debug|x86 = Debug|x86
		Release|Any CPU = Release|Any CPU
		Release|x64 = Release|x64
		Release|x86 = Release|x86
	EndGlobalSection
	GlobalSection(ProjectConfigurationPlatforms) = postSolution
		{5229767A-8875-40DB-A0B9-913C49DE7CF0}.Debug|Any CPU.ActiveCfg = Debug|Any CPU
		{5229767A-8875-40DB-A0B9-913C49DE7CF0}.Debug|Any CPU.Build.0 = Debug|Any CPU
		{5229767A-8875-40DB-A0B9-913C49DE7CF0}.Debug|x64.ActiveCfg = Debug|Any CPU
		{5229767A-8875-40DB-A0B9-913C49DE7CF0}.Debug|x64.Build.0 = Debug|Any CPU
		{5229767A-8875-40DB-A0B9-913C49DE7CF0}.Debug|x86.ActiveCfg = Debug|Any CPU
		{5229767A-8875-40DB-A0B9-913C49DE7CF0}.Debug|x86.Build.0 = Debug|Any CPU
		{5229767A-8875-40DB-A0B9-913C49DE7CF0}.Release|Any CPU.ActiveCfg = Release|Any CPU
		{5229767A-8875-40DB-A0B9-913C49DE7CF0}.Release|Any CPU.Build.0 = Release|Any CPU
		{5229767A-8875-40DB-A0B9-913C49DE7CF0}.Release|x64.ActiveCfg = Release|Any CPU
		{5229767A-8875-40DB-A0B9-913C49DE7CF0}.Release|x64.Build.0 = Release|Any CPU
		{5229767A-8875-40DB-A0B9-913C49DE7CF0}.Release|x86.ActiveCfg = Release|Any CPU
		{5229767A-8875-40DB-A0B9-913C49DE7CF0}.Release|x86.Build.0 = Release|Any CPU
		{966BCBEA-B667-4C31-9036-C1C25DB52715}.Debug|Any CPU.ActiveCfg = Debug|Win32
		{966BCBEA-B667-4C31-9036-C1C25DB52715}.Debug|x64.ActiveCfg = Debug|x64
		{966BCBEA-B667-4C31-9036-C1C25DB52715}.Debug|x64.Build.0 = Debug|x64
		{966BCBEA-B667-4C31-9036-C1C25DB52715}.Debug|x86.ActiveCfg = Debug|Win32
		{966BCBEA-B667-4C31-9036-C1C25DB52715}.Debug|x86.Build.0 = Debug|Win32
		{966BCBEA-B667-4C31-9036-C1C25DB52715}.Release|Any CPU.ActiveCfg = Release|Win32
		{966BCBEA-B667-4C31-9036-C1C25DB52715}.Release|x64.ActiveCfg = Release|x64
		{966BCBEA-B667-4C31-9036-C1C25DB52715}.Release|x64.Build.0 = Release|x64
		{966BCBEA-B667-4C31-9036-C1C25DB52715}.Release|x86.ActiveCfg = Release|Win32
		{966BCBEA-B667-4C31-9036-C1C25DB52715}.Release|x86.Build.0 = Release|Win32
		{757D5D66-8742-4236-8D76-5F4E64DE1D24}.Debug|Any CPU.ActiveCfg = Debug|Any CPU
		{757D5D66-8742-4236-8D76-5F4E64DE1D24}.Debug|Any CPU.Build.0 = Debug|Any CPU
		{757D5D66-8742-4236-8D76-5F4E64DE1D24}.Debug|x64.ActiveCfg = Debug|Any CPU
		{757D5D66-8742-4236-8D76-5F4E64DE1D24}.Debug|x64.Build.0 = Debug|Any CPU
		{757D5D66-8742-4236-8D76-5F4E64DE1D24}.Debug|x86.ActiveCfg = Debug|Any CPU
		{757D5D66-8742-4236-8D76-5F4E64DE1D24}.Debug|x86.Build.0 = Debug|Any CPU
		{757D5D66-8742-4236-8D76-5F4E64DE1D24}.Release|Any CPU.ActiveCfg = Release|Any CPU
		{757D5D66-8742-4236-8D76-5F4E64DE1D24}.Release|Any CPU.Build.0 = Release|Any CPU
		{757D5D66-8742-4236-8D76-5F4E64DE1D24}.Release|x64.ActiveCfg = Release|Any CPU
		{757D5D66-8742-4236-8D76-5F4E64DE1D24}.Release|x64.Build.0 = Release|Any CPU
		{757D5D66-8742-4236-8D76-5F4E64DE1D24}.Release|x86.ActiveCfg = Release|Any CPU
		{757D5D66-8742-4236-8D76-5F4E64DE1D24}.Release|x86.Build.0 = Release|Any CPU
	EndGlobalSection
	GlobalSection(SolutionProperties) = preSolution
		HideSolutionNode = FALSE
	EndGlobalSection
	GlobalSection(ExtensibilityGlobals) = postSolution
		SolutionGuid = {693FA5BC-1D4A-495D-8058-59EE98E10A0F}
	EndGlobalSection
EndGlobal
